
Microsoft Visual Studio Solution File, Format Version 12.00
# Visual Studio 14
VisualStudioVersion = 14.0.25420.1
MinimumVisualStudioVersion = 10.0.40219.1
Project("{FAE04EC0-301F-11D3-BF4B-00C04F79EFBC}") = "DewCommonLibrary", "DewCommonControlsLibrary\DewCommonLibrary.csproj", "{6DF6CFF7-61F2-4383-B46F-2E9A6FF2E33E}"
EndProject
Project("{FAE04EC0-301F-11D3-BF4B-00C04F79EFBC}") = "DewUserControls", "DewUserControls\DewUserControls.csproj", "{FAFEA5FD-7B71-4444-BF3F-B3B872A48CBC}"
EndProject
Global
	GlobalSection(SolutionConfigurationPlatforms) = preSolution
		Debug|Any CPU = Debug|Any CPU
		Debug|ARM = Debug|ARM
		Debug|x64 = Debug|x64
		Debug|x86 = Debug|x86
		Release|Any CPU = Release|Any CPU
		Release|ARM = Release|ARM
		Release|x64 = Release|x64
		Release|x86 = Release|x86
	EndGlobalSection
	GlobalSection(ProjectConfigurationPlatforms) = postSolution
		{6DF6CFF7-61F2-4383-B46F-2E9A6FF2E33E}.Debug|Any CPU.ActiveCfg = Debug|Any CPU
		{6DF6CFF7-61F2-4383-B46F-2E9A6FF2E33E}.Debug|Any CPU.Build.0 = Debug|Any CPU
		{6DF6CFF7-61F2-4383-B46F-2E9A6FF2E33E}.Debug|ARM.ActiveCfg = Debug|ARM
		{6DF6CFF7-61F2-4383-B46F-2E9A6FF2E33E}.Debug|ARM.Build.0 = Debug|ARM
		{6DF6CFF7-61F2-4383-B46F-2E9A6FF2E33E}.Debug|x64.ActiveCfg = Debug|x64
		{6DF6CFF7-61F2-4383-B46F-2E9A6FF2E33E}.Debug|x64.Build.0 = Debug|x64
		{6DF6CFF7-61F2-4383-B46F-2E9A6FF2E33E}.Debug|x86.ActiveCfg = Debug|x86
		{6DF6CFF7-61F2-4383-B46F-2E9A6FF2E33E}.Debug|x86.Build.0 = Debug|x86
		{6DF6CFF7-61F2-4383-B46F-2E9A6FF2E33E}.Release|Any CPU.ActiveCfg = Release|Any CPU
		{6DF6CFF7-61F2-4383-B46F-2E9A6FF2E33E}.Release|Any CPU.Build.0 = Release|Any CPU
		{6DF6CFF7-61F2-4383-B46F-2E9A6FF2E33E}.Release|ARM.ActiveCfg = Release|ARM
		{6DF6CFF7-61F2-4383-B46F-2E9A6FF2E33E}.Release|ARM.Build.0 = Release|ARM
		{6DF6CFF7-61F2-4383-B46F-2E9A6FF2E33E}.Release|x64.ActiveCfg = Release|x64
		{6DF6CFF7-61F2-4383-B46F-2E9A6FF2E33E}.Release|x64.Build.0 = Release|x64
		{6DF6CFF7-61F2-4383-B46F-2E9A6FF2E33E}.Release|x86.ActiveCfg = Release|x86
		{6DF6CFF7-61F2-4383-B46F-2E9A6FF2E33E}.Release|x86.Build.0 = Release|x86
		{FAFEA5FD-7B71-4444-BF3F-B3B872A48CBC}.Debug|Any CPU.ActiveCfg = Debug|Any CPU
		{FAFEA5FD-7B71-4444-BF3F-B3B872A48CBC}.Debug|Any CPU.Build.0 = Debug|Any CPU
		{FAFEA5FD-7B71-4444-BF3F-B3B872A48CBC}.Debug|ARM.ActiveCfg = Debug|ARM
		{FAFEA5FD-7B71-4444-BF3F-B3B872A48CBC}.Debug|ARM.Build.0 = Debug|ARM
		{FAFEA5FD-7B71-4444-BF3F-B3B872A48CBC}.Debug|x64.ActiveCfg = Debug|x64
		{FAFEA5FD-7B71-4444-BF3F-B3B872A48CBC}.Debug|x64.Build.0 = Debug|x64
		{FAFEA5FD-7B71-4444-BF3F-B3B872A48CBC}.Debug|x86.ActiveCfg = Debug|x86
		{FAFEA5FD-7B71-4444-BF3F-B3B872A48CBC}.Debug|x86.Build.0 = Debug|x86
		{FAFEA5FD-7B71-4444-BF3F-B3B872A48CBC}.Release|Any CPU.ActiveCfg = Release|Any CPU
		{FAFEA5FD-7B71-4444-BF3F-B3B872A48CBC}.Release|Any CPU.Build.0 = Release|Any CPU
		{FAFEA5FD-7B71-4444-BF3F-B3B872A48CBC}.Release|ARM.ActiveCfg = Release|ARM
		{FAFEA5FD-7B71-4444-BF3F-B3B872A48CBC}.Release|ARM.Build.0 = Release|ARM
		{FAFEA5FD-7B71-4444-BF3F-B3B872A48CBC}.Release|x64.ActiveCfg = Release|x64
		{FAFEA5FD-7B71-4444-BF3F-B3B872A48CBC}.Release|x64.Build.0 = Release|x64
		{FAFEA5FD-7B71-4444-BF3F-B3B872A48CBC}.Release|x86.ActiveCfg = Release|x86
		{FAFEA5FD-7B71-4444-BF3F-B3B872A48CBC}.Release|x86.Build.0 = Release|x86
	EndGlobalSection
	GlobalSection(SolutionProperties) = preSolution
		HideSolutionNode = FALSE
	EndGlobalSection
EndGlobal
